{
    "name": "language-apertium",
    "version": "0.0.4",
    "lockfileVersion": 1,
    "requires": true,
    "dependencies": {
        "nan": {
            "version": "2.14.2",
            "resolved": "https://registry.npmjs.org/nan/-/nan-2.14.2.tgz",
            "integrity": "sha512-M2ufzIiINKCuDfBSAUr1vWQ+vuVcA9kqx8JJUsbQi6yf1uGRyb7HfpdfUr5qLXf3B/t8dPvcjhKMmlfnP47EzQ=="
        },
        "tree-sitter-cg": {
            "version": "0.0.2",
            "resolved": "https://registry.npmjs.org/tree-sitter-cg/-/tree-sitter-cg-0.0.2.tgz",
            "integrity": "sha512-tGJavJphWqBFes+lvQGwKd/uzd69n7qZnXDKFSnFPMvyahYn4B2ubCuhjldDaWffXly05FEvI38rcBpDXsYfiw==",
            "requires": {
                "nan": "^2.8.0"
            }
        },
        "tree-sitter-lexd": {
            "version": "0.0.4",
            "resolved": "https://registry.npmjs.org/tree-sitter-lexd/-/tree-sitter-lexd-0.0.4.tgz",
            "integrity": "sha512-eFm+ZI2vWlxhPlWrUvAN/orrw5mGbIWOGSnPvnKwYa6IAdKlQxbfgETSIbv5+TVTxGonlKWr2GHflvPJtcmzeA==",
            "requires": {
                "nan": "^2.8.0"
            }
        }
    }
}
