{
    "name": "language-apertium",
    "version": "0.0.7",
    "lockfileVersion": 1,
    "requires": true,
    "dependencies": {
        "nan": {
            "version": "2.14.2",
            "resolved": "https://registry.npmjs.org/nan/-/nan-2.14.2.tgz",
            "integrity": "sha512-M2ufzIiINKCuDfBSAUr1vWQ+vuVcA9kqx8JJUsbQi6yf1uGRyb7HfpdfUr5qLXf3B/t8dPvcjhKMmlfnP47EzQ=="
        },
        "tree-sitter-cg": {
            "version": "0.0.3",
            "resolved": "https://registry.npmjs.org/tree-sitter-cg/-/tree-sitter-cg-0.0.3.tgz",
            "integrity": "sha512-JtE0vNqkJpzNTbwzjTQsyF0K49pY7vYQKWIE0Lh7d49IuEteehHYG7RlgsDUu2K1AvnOB4kzaRoNRaiyb7MeDQ==",
            "requires": {
                "nan": "^2.8.0"
            }
        },
        "tree-sitter-lexd": {
            "version": "0.0.4",
            "resolved": "https://registry.npmjs.org/tree-sitter-lexd/-/tree-sitter-lexd-0.0.4.tgz",
            "integrity": "sha512-eFm+ZI2vWlxhPlWrUvAN/orrw5mGbIWOGSnPvnKwYa6IAdKlQxbfgETSIbv5+TVTxGonlKWr2GHflvPJtcmzeA==",
            "requires": {
                "nan": "^2.8.0"
            }
        },
        "tree-sitter-twolc": {
            "version": "0.0.1",
            "resolved": "https://registry.npmjs.org/tree-sitter-twolc/-/tree-sitter-twolc-0.0.1.tgz",
            "integrity": "sha512-fd3P/Ediub8hLUi597Qs0wobRH/Q2NHQMLLeBXWgOAndbTgtORcxWhhS6cx8/QXnYa2haDgIEl0IRZHSynCl5w==",
            "requires": {
                "nan": "^2.8.0"
            }
        }
    }
}
